
Microsoft Visual Studio Solution File, Format Version 12.00
# Visual Studio Version 17
VisualStudioVersion = 17.14.36310.24 d17.14
MinimumVisualStudioVersion = 10.0.40219.1
Project("{FAE04EC0-301F-11D3-BF4B-00C04F79EFBC}") = "Lab_01", "Lab_01.csproj", "{691D916A-4CAF-4B4D-BE71-048A58CA1979}"
EndProject
Global
	GlobalSection(SolutionConfigurationPlatforms) = preSolution
		Debug|Any CPU = Debug|Any CPU
		Release|Any CPU = Release|Any CPU
	EndGlobalSection
	GlobalSection(ProjectConfigurationPlatforms) = postSolution
		{691D916A-4CAF-4B4D-BE71-048A58CA1979}.Debug|Any CPU.ActiveCfg = Debug|Any CPU
		{691D916A-4CAF-4B4D-BE71-048A58CA1979}.Debug|Any CPU.Build.0 = Debug|Any CPU
		{691D916A-4CAF-4B4D-BE71-048A58CA1979}.Release|Any CPU.ActiveCfg = Release|Any CPU
		{691D916A-4CAF-4B4D-BE71-048A58CA1979}.Release|Any CPU.Build.0 = Release|Any CPU
	EndGlobalSection
	GlobalSection(SolutionProperties) = preSolution
		HideSolutionNode = FALSE
	EndGlobalSection
	GlobalSection(ExtensibilityGlobals) = postSolution
		SolutionGuid = {3A06383E-D4AE-42E4-B7B3-1B47926EE6AA}
	EndGlobalSection
EndGlobal
